
Microsoft Visual Studio Solution File, Format Version 12.00
# Visual Studio Version 17
VisualStudioVersion = 17.5.002.0
MinimumVisualStudioVersion = 10.0.40219.1
Project("{9A19103F-16F7-4668-BE54-9A1E7A4F7556}") = "Task5", "Task5.csproj", "{48AE823E-48AD-414C-A21D-725DA1A69B01}"
EndProject
Global
	GlobalSection(SolutionConfigurationPlatforms) = preSolution
		Debug|Any CPU = Debug|Any CPU
		Release|Any CPU = Release|Any CPU
	EndGlobalSection
	GlobalSection(ProjectConfigurationPlatforms) = postSolution
		{48AE823E-48AD-414C-A21D-725DA1A69B01}.Debug|Any CPU.ActiveCfg = Debug|Any CPU
		{48AE823E-48AD-414C-A21D-725DA1A69B01}.Debug|Any CPU.Build.0 = Debug|Any CPU
		{48AE823E-48AD-414C-A21D-725DA1A69B01}.Release|Any CPU.ActiveCfg = Release|Any CPU
		{48AE823E-48AD-414C-A21D-725DA1A69B01}.Release|Any CPU.Build.0 = Release|Any CPU
	EndGlobalSection
	GlobalSection(SolutionProperties) = preSolution
		HideSolutionNode = FALSE
	EndGlobalSection
	GlobalSection(ExtensibilityGlobals) = postSolution
		SolutionGuid = {86168008-D156-47D1-9489-826A6B3EE12F}
	EndGlobalSection
EndGlobal
